
Microsoft Visual Studio Solution File, Format Version 12.00
# Visual Studio Version 17
VisualStudioVersion = 17.7.34031.279
MinimumVisualStudioVersion = 10.0.40219.1
Project("{9A19103F-16F7-4668-BE54-9A1E7A4F7556}") = "Trees", "Trees\Trees.csproj", "{46C662D9-07CD-4C92-81C1-0C7FFEDD8B5F}"
EndProject
Project("{9A19103F-16F7-4668-BE54-9A1E7A4F7556}") = "BinaryTrees", "BinaryTrees\BinaryTrees.csproj", "{AB173CB3-866D-48B4-8B28-CDF9FFDA6871}"
EndProject
Project("{FAE04EC0-301F-11D3-BF4B-00C04F79EFBC}") = "Tests", "Tests\Tests.csproj", "{CEFD5A4E-71BA-4754-8881-8F0E31FA3B51}"
EndProject
Global
	GlobalSection(SolutionConfigurationPlatforms) = preSolution
		Debug|Any CPU = Debug|Any CPU
		Release|Any CPU = Release|Any CPU
	EndGlobalSection
	GlobalSection(ProjectConfigurationPlatforms) = postSolution
		{46C662D9-07CD-4C92-81C1-0C7FFEDD8B5F}.Debug|Any CPU.ActiveCfg = Debug|Any CPU
		{46C662D9-07CD-4C92-81C1-0C7FFEDD8B5F}.Debug|Any CPU.Build.0 = Debug|Any CPU
		{46C662D9-07CD-4C92-81C1-0C7FFEDD8B5F}.Release|Any CPU.ActiveCfg = Release|Any CPU
		{46C662D9-07CD-4C92-81C1-0C7FFEDD8B5F}.Release|Any CPU.Build.0 = Release|Any CPU
		{AB173CB3-866D-48B4-8B28-CDF9FFDA6871}.Debug|Any CPU.ActiveCfg = Debug|Any CPU
		{AB173CB3-866D-48B4-8B28-CDF9FFDA6871}.Debug|Any CPU.Build.0 = Debug|Any CPU
		{AB173CB3-866D-48B4-8B28-CDF9FFDA6871}.Release|Any CPU.ActiveCfg = Release|Any CPU
		{AB173CB3-866D-48B4-8B28-CDF9FFDA6871}.Release|Any CPU.Build.0 = Release|Any CPU
		{CEFD5A4E-71BA-4754-8881-8F0E31FA3B51}.Debug|Any CPU.ActiveCfg = Debug|Any CPU
		{CEFD5A4E-71BA-4754-8881-8F0E31FA3B51}.Debug|Any CPU.Build.0 = Debug|Any CPU
		{CEFD5A4E-71BA-4754-8881-8F0E31FA3B51}.Release|Any CPU.ActiveCfg = Release|Any CPU
		{CEFD5A4E-71BA-4754-8881-8F0E31FA3B51}.Release|Any CPU.Build.0 = Release|Any CPU
	EndGlobalSection
	GlobalSection(SolutionProperties) = preSolution
		HideSolutionNode = FALSE
	EndGlobalSection
	GlobalSection(ExtensibilityGlobals) = postSolution
		SolutionGuid = {0C77A8F9-8C07-4985-B648-8CFA2E18B0E9}
	EndGlobalSection
EndGlobal
